Microsoft Visual Studio Solution File, Format Version 12.00
# Visual Studio Version 17
VisualStudioVersion = 17.5.2.0
MinimumVisualStudioVersion = 10.0.40219.1
Project("{FAE04EC0-301F-11D3-BF4B-00C04F79EFBC}") = "MACUTION", "MACUTION.csproj", "{CD027912-49F5-5975-C3C9-D4A87D58681C}"
EndProject
Global
	GlobalSection(SolutionConfigurationPlatforms) = preSolution
		Debug|Any CPU = Debug|Any CPU
		Release|Any CPU = Release|Any CPU
	EndGlobalSection
	GlobalSection(ProjectConfigurationPlatforms) = postSolution
		{CD027912-49F5-5975-C3C9-D4A87D58681C}.Debug|Any CPU.ActiveCfg = Debug|Any CPU
		{CD027912-49F5-5975-C3C9-D4A87D58681C}.Debug|Any CPU.Build.0 = Debug|Any CPU
		{CD027912-49F5-5975-C3C9-D4A87D58681C}.Release|Any CPU.ActiveCfg = Release|Any CPU
		{CD027912-49F5-5975-C3C9-D4A87D58681C}.Release|Any CPU.Build.0 = Release|Any CPU
	EndGlobalSection
	GlobalSection(SolutionProperties) = preSolution
		HideSolutionNode = FALSE
	EndGlobalSection
	GlobalSection(ExtensibilityGlobals) = postSolution
		SolutionGuid = {1E5CE5F9-A8BB-4966-A640-DB1BB4EA50DA}
	EndGlobalSection
EndGlobal
